
Microsoft Visual Studio Solution File, Format Version 12.00
# Visual Studio Version 16
VisualStudioVersion = 16.0.29009.5
MinimumVisualStudioVersion = 10.0.40219.1
Project("{FAE04EC0-301F-11D3-BF4B-00C04F79EFBC}") = "toDoApp", "toDoApp\toDoApp.csproj", "{0E0698A1-0E2C-48D4-B1EC-54711A752A07}"
EndProject
Global
	GlobalSection(SolutionConfigurationPlatforms) = preSolution
		Debug|Any CPU = Debug|Any CPU
		Release|Any CPU = Release|Any CPU
	EndGlobalSection
	GlobalSection(ProjectConfigurationPlatforms) = postSolution
		{0E0698A1-0E2C-48D4-B1EC-54711A752A07}.Debug|Any CPU.ActiveCfg = Debug|Any CPU
		{0E0698A1-0E2C-48D4-B1EC-54711A752A07}.Debug|Any CPU.Build.0 = Debug|Any CPU
		{0E0698A1-0E2C-48D4-B1EC-54711A752A07}.Release|Any CPU.ActiveCfg = Release|Any CPU
		{0E0698A1-0E2C-48D4-B1EC-54711A752A07}.Release|Any CPU.Build.0 = Release|Any CPU
	EndGlobalSection
	GlobalSection(SolutionProperties) = preSolution
		HideSolutionNode = FALSE
	EndGlobalSection
	GlobalSection(ExtensibilityGlobals) = postSolution
		SolutionGuid = {85064210-9870-4375-B8A4-436CC86B3F77}
	EndGlobalSection
EndGlobal
